
Microsoft Visual Studio Solution File, Format Version 12.00
# Visual Studio Version 16
VisualStudioVersion = 16.0.31702.278
MinimumVisualStudioVersion = 10.0.40219.1
Project("{FAE04EC0-301F-11D3-BF4B-00C04F79EFBC}") = "Flag_Italia", "Flag_Italia\Flag_Italia.csproj", "{0D64DF6C-4324-482C-B1B7-548124F190F5}"
EndProject
Global
	GlobalSection(SolutionConfigurationPlatforms) = preSolution
		Debug|Any CPU = Debug|Any CPU
		Release|Any CPU = Release|Any CPU
	EndGlobalSection
	GlobalSection(ProjectConfigurationPlatforms) = postSolution
		{0D64DF6C-4324-482C-B1B7-548124F190F5}.Debug|Any CPU.ActiveCfg = Debug|Any CPU
		{0D64DF6C-4324-482C-B1B7-548124F190F5}.Debug|Any CPU.Build.0 = Debug|Any CPU
		{0D64DF6C-4324-482C-B1B7-548124F190F5}.Release|Any CPU.ActiveCfg = Release|Any CPU
		{0D64DF6C-4324-482C-B1B7-548124F190F5}.Release|Any CPU.Build.0 = Release|Any CPU
	EndGlobalSection
	GlobalSection(SolutionProperties) = preSolution
		HideSolutionNode = FALSE
	EndGlobalSection
	GlobalSection(ExtensibilityGlobals) = postSolution
		SolutionGuid = {640A6D8D-7C20-4108-B9C9-7CDCADD8CC2E}
	EndGlobalSection
EndGlobal
